<?xml version="1.0" encoding="utf-8"?>
<Project ToolsVersion="4.0" xmlns="http://schemas.microsoft.com/developer/msbuild/2003">
  <ItemGroup>
    <Filter Include="Source Files">
      <UniqueIdentifier>{4FC737F1-C7A5-4376-A066-2A32D752A2FF}</UniqueIdentifier>
      <Extensions>cpp;c;cc;cxx;c++;cppm;ixx;def;odl;idl;hpj;bat;asm;asmx</Extensions>
    </Filter>
    <Filter Include="Header Files">
      <UniqueIdentifier>{93995380-89BD-4b04-88EB-625FBE52EBFB}</UniqueIdentifier>
      <Extensions>h;hh;hpp;hxx;h++;hm;inl;inc;ipp;xsd</Extensions>
    </Filter>
    <Filter Include="Resource Files">
      <UniqueIdentifier>{67DA6AB6-F800-4c08-8B7A-83BB121AAD01}</UniqueIdentifier>
      <Extensions>rc;ico;cur;bmp;dlg;rc2;rct;bin;rgs;gif;jpg;jpeg;jpe;resx;tiff;tif;png;wav;mfcribbon-ms</Extensions>
    </Filter>
  </ItemGroup>
  <ItemGroup>
    <ClInclude Include="Include\Game\framework.h">
      <Filter>Header Files</Filter>
    </ClInclude>
    <ClInclude Include="Include\Game\Game.h">
      <Filter>Header Files</Filter>
    </ClInclude>
    <ClInclude Include="Include\Game\pch.h">
      <Filter>Header Files</Filter>
    </ClInclude>
    <ClInclude Include="Include\Game\EngineData.h">
      <Filter>Header Files</Filter>
    </ClInclude>
    <ClInclude Include="Include\Game\Components\Transform.h">
      <Filter>Header Files</Filter>
    </ClInclude>
    <ClInclude Include="Include\Game\Components\Renderer.h">
      <Filter>Header Files</Filter>
    </ClInclude>
    <ClInclude Include="Include\Game\Components\Character.h">
      <Filter>Header Files</Filter>
    </ClInclude>
    <ClInclude Include="Include\Game\Components\Collider.h">
      <Filter>Header Files</Filter>
    </ClInclude>
    <ClInclude Include="Include\Game\Components\Controller.h">
      <Filter>Header Files</Filter>
    </ClInclude>
    <ClInclude Include="Include\Game\Systems\RenderSystem.h">
      <Filter>Header Files</Filter>
    </ClInclude>
    <ClInclude Include="Include\Game\Archetypes\PlayerArchetype.h">
      <Filter>Header Files</Filter>
    </ClInclude>
    <ClInclude Include="Include\Game\GameState.h">
      <Filter>Header Files</Filter>
    </ClInclude>
    <ClInclude Include="Include\Game\Graphics\Vertex.h">
      <Filter>Header Files</Filter>
    </ClInclude>
    <ClInclude Include="Include\Game\Graphics\PipelineHandler.h">
      <Filter>Header Files</Filter>
    </ClInclude>
    <ClInclude Include="Include\Game\Graphics\MeshHandler.h">
      <Filter>Header Files</Filter>
    </ClInclude>
    <ClInclude Include="Include\Game\Graphics\Mesh.h">
      <Filter>Header Files</Filter>
    </ClInclude>
    <ClInclude Include="Include\Game\Graphics\LayoutHandler.h">
      <Filter>Header Files</Filter>
    </ClInclude>
    <ClInclude Include="Include\Game\Graphics\TextureHandler.h">
      <Filter>Header Files</Filter>
    </ClInclude>
    <ClInclude Include="Include\Game\Graphics\Texture.h">
      <Filter>Header Files</Filter>
    </ClInclude>
    <ClInclude Include="Include\Game\Graphics\SubTexture.h">
      <Filter>Header Files</Filter>
    </ClInclude>
    <ClInclude Include="Include\Game\Systems\TextRenderSystem.h">
      <Filter>Header Files</Filter>
    </ClInclude>
    <ClInclude Include="Include\Game\Graphics\RenderConventions.h">
      <Filter>Header Files</Filter>
    </ClInclude>
    <ClInclude Include="Include\Game\Graphics\Animation.h">
      <Filter>Header Files</Filter>
    </ClInclude>
    <ClInclude Include="Include\Game\Systems\AnimationSystem.h">
      <Filter>Header Files</Filter>
    </ClInclude>
    <ClInclude Include="Include\Game\Components\Animator.h">
      <Filter>Header Files</Filter>
    </ClInclude>
    <ClInclude Include="Include\Game\Handlers\InputHandler.h">
      <Filter>Header Files</Filter>
    </ClInclude>
    <ClInclude Include="Include\Game\Archetypes\CursorArchetype.h">
      <Filter>Header Files</Filter>
    </ClInclude>
    <ClInclude Include="Include\Game\Systems\MovementSystem.h">
      <Filter>Header Files</Filter>
    </ClInclude>
    <ClInclude Include="Include\Game\Systems\CollisionSystem.h">
      <Filter>Header Files</Filter>
    </ClInclude>
    <ClInclude Include="Include\Game\SystemChain.h">
      <Filter>Header Files</Filter>
    </ClInclude>
    <ClInclude Include="Include\Game\TaskSystem.h">
      <Filter>Header Files</Filter>
    </ClInclude>
    <ClInclude Include="Include\Game\Archetype.h">
      <Filter>Header Files</Filter>
    </ClInclude>
    <ClInclude Include="Include\Game\Systems\EntityRenderSystem.h">
      <Filter>Header Files</Filter>
    </ClInclude>
    <ClInclude Include="Include\Game\Archetypes\WallArchetype.h">
      <Filter>Header Files</Filter>
    </ClInclude>
    <ClInclude Include="Include\Game\Handlers\ShaderHandler.h">
      <Filter>Header Files</Filter>
    </ClInclude>
    <ClInclude Include="Include\Game\Graphics\Shader.h">
      <Filter>Header Files</Filter>
    </ClInclude>
    <ClInclude Include="Include\Game\Systems\DebugRenderSystem.h">
      <Filter>Header Files</Filter>
    </ClInclude>
    <ClInclude Include="Include\Game\Graphics\Buffer.h">
      <Filter>Header Files</Filter>
    </ClInclude>
    <ClInclude Include="Include\Game\Graphics\InstanceUtils.h">
      <Filter>Header Files</Filter>
    </ClInclude>
  </ItemGroup>
  <ItemGroup>
    <ClCompile Include="Source\dllmain.cpp">
      <Filter>Source Files</Filter>
    </ClCompile>
    <ClCompile Include="Source\pch.cpp">
      <Filter>Source Files</Filter>
    </ClCompile>
    <ClCompile Include="Source\Game.cpp">
      <Filter>Source Files</Filter>
    </ClCompile>
    <ClCompile Include="Source\Archetypes\PlayerArchetype.cpp">
      <Filter>Source Files</Filter>
    </ClCompile>
    <ClCompile Include="Source\Graphics\Vertex.cpp">
      <Filter>Source Files</Filter>
    </ClCompile>
    <ClCompile Include="Source\Graphics\PipelineHandler.cpp">
      <Filter>Source Files</Filter>
    </ClCompile>
    <ClCompile Include="Source\Graphics\MeshHandler.cpp">
      <Filter>Source Files</Filter>
    </ClCompile>
    <ClCompile Include="Source\Graphics\LayoutHandler.cpp">
      <Filter>Source Files</Filter>
    </ClCompile>
    <ClCompile Include="Source\Graphics\TextureHandler.cpp">
      <Filter>Source Files</Filter>
    </ClCompile>
    <ClCompile Include="Source\Systems\TextRenderSystem.cpp">
      <Filter>Source Files</Filter>
    </ClCompile>
    <ClCompile Include="Source\Systems\AnimationSystem.cpp">
      <Filter>Source Files</Filter>
    </ClCompile>
    <ClCompile Include="Source\Handlers\InputHandler.cpp">
      <Filter>Source Files</Filter>
    </ClCompile>
    <ClCompile Include="Source\Graphics\SubTexture.cpp">
      <Filter>Source Files</Filter>
    </ClCompile>
    <ClCompile Include="Source\Archetypes\CursorArchetype.cpp">
      <Filter>Source Files</Filter>
    </ClCompile>
    <ClCompile Include="Source\Systems\MovementSystem.cpp">
      <Filter>Source Files</Filter>
    </ClCompile>
    <ClCompile Include="Source\Systems\CollisionSystem.cpp">
      <Filter>Source Files</Filter>
    </ClCompile>
    <ClCompile Include="Source\SystemChain.cpp">
      <Filter>Source Files</Filter>
    </ClCompile>
    <ClCompile Include="Source\Systems\EntityRenderSystem.cpp">
      <Filter>Source Files</Filter>
    </ClCompile>
    <ClCompile Include="Source\Archetypes\WallArchetype.cpp">
      <Filter>Source Files</Filter>
    </ClCompile>
    <ClCompile Include="Include\Game\Handlers\ShaderHandler.cpp">
      <Filter>Source Files</Filter>
    </ClCompile>
    <ClCompile Include="Source\Systems\DebugRenderSystem.cpp">
      <Filter>Source Files</Filter>
    </ClCompile>
    <ClCompile Include="Source\Graphics\Buffer.cpp">
      <Filter>Source Files</Filter>
    </ClCompile>
  </ItemGroup>
</Project>