<?xml version="1.0" encoding="utf-8"?>
<Project ToolsVersion="4.0" xmlns="http://schemas.microsoft.com/developer/msbuild/2003">
  <ItemGroup>
    <Filter Include="Source Files">
      <UniqueIdentifier>{4FC737F1-C7A5-4376-A066-2A32D752A2FF}</UniqueIdentifier>
      <Extensions>cpp;c;cc;cxx;c++;cppm;ixx;def;odl;idl;hpj;bat;asm;asmx</Extensions>
    </Filter>
    <Filter Include="Header Files">
      <UniqueIdentifier>{93995380-89BD-4b04-88EB-625FBE52EBFB}</UniqueIdentifier>
      <Extensions>h;hh;hpp;hxx;h++;hm;inl;inc;ipp;xsd</Extensions>
    </Filter>
    <Filter Include="Resource Files">
      <UniqueIdentifier>{67DA6AB6-F800-4c08-8B7A-83BB121AAD01}</UniqueIdentifier>
      <Extensions>rc;ico;cur;bmp;dlg;rc2;rct;bin;rgs;gif;jpg;jpeg;jpe;resx;tiff;tif;png;wav;mfcribbon-ms</Extensions>
    </Filter>
  </ItemGroup>
  <ItemGroup>
    <ClInclude Include="Include\Game\Game.h">
      <Filter>Header Files</Filter>
    </ClInclude>
    <ClInclude Include="Include\Game\pch.h">
      <Filter>Header Files</Filter>
    </ClInclude>
    <ClInclude Include="Include\Game\framework.h">
      <Filter>Header Files</Filter>
    </ClInclude>
    <ClInclude Include="Include\Game\Systems\GameManager.h">
      <Filter>Header Files</Filter>
    </ClInclude>
    <ClInclude Include="Include\Game\Systems\TurnSystem.h">
      <Filter>Header Files</Filter>
    </ClInclude>
    <ClInclude Include="Include\Game\Scenes\DemoScene.h">
      <Filter>Header Files</Filter>
    </ClInclude>
    <ClInclude Include="Include\Game\Systems\MouseSystem.h">
      <Filter>Header Files</Filter>
    </ClInclude>
    <ClInclude Include="Include\Game\Systems\ResourceManager.h">
      <Filter>Header Files</Filter>
    </ClInclude>
    <ClInclude Include="Include\Game\Systems\TextRenderHandler.h">
      <Filter>Header Files</Filter>
    </ClInclude>
    <ClInclude Include="Include\Game\Entities\Player.h">
      <Filter>Header Files</Filter>
    </ClInclude>
    <ClInclude Include="Include\Game\Archetypes\Archetype.h">
      <Filter>Header Files</Filter>
    </ClInclude>
    <ClInclude Include="Include\Game\Archetypes\PlayerArchetype.h">
      <Filter>Header Files</Filter>
    </ClInclude>
    <ClInclude Include="Include\Game\Systems\MovementSystem.h">
      <Filter>Header Files</Filter>
    </ClInclude>
    <ClInclude Include="Include\Game\Components\MovementComponent.h">
      <Filter>Header Files</Filter>
    </ClInclude>
    <ClInclude Include="Include\Game\Systems\CameraSystem.h">
      <Filter>Header Files</Filter>
    </ClInclude>
    <ClInclude Include="Include\Game\Systems\CollisionSystem.h">
      <Filter>Header Files</Filter>
    </ClInclude>
    <ClInclude Include="Include\Game\Systems\TurnThreadPoolSystem.h">
      <Filter>Header Files</Filter>
    </ClInclude>
    <ClInclude Include="Include\Game\Systems\UIInteractionSystem.h">
      <Filter>Header Files</Filter>
    </ClInclude>
    <ClInclude Include="Include\Game\Systems\MenuSystem.h">
      <Filter>Header Files</Filter>
    </ClInclude>
    <ClInclude Include="Include\Game\Entities\DummyEntity.h">
      <Filter>Header Files</Filter>
    </ClInclude>
    <ClInclude Include="Include\Game\Archetypes\DummyArchetype.h">
      <Filter>Header Files</Filter>
    </ClInclude>
    <ClInclude Include="Include\Game\Archetypes\CharacterArchetype.h">
      <Filter>Header Files</Filter>
    </ClInclude>
    <ClInclude Include="Include\Game\Systems\EntitySystem.h">
      <Filter>Header Files</Filter>
    </ClInclude>
    <ClInclude Include="Include\Game\Entities\Entity.h">
      <Filter>Header Files</Filter>
    </ClInclude>
    <ClInclude Include="Include\Game\Systems\InteractSystem.h">
      <Filter>Header Files</Filter>
    </ClInclude>
  </ItemGroup>
  <ItemGroup>
    <ClCompile Include="Source\dllmain.cpp">
      <Filter>Source Files</Filter>
    </ClCompile>
    <ClCompile Include="Source\pch.cpp">
      <Filter>Source Files</Filter>
    </ClCompile>
    <ClCompile Include="Source\Game.cpp">
      <Filter>Source Files</Filter>
    </ClCompile>
    <ClCompile Include="Source\Systems\GameManager.cpp">
      <Filter>Source Files</Filter>
    </ClCompile>
    <ClCompile Include="Source\Systems\TurnSystem.cpp">
      <Filter>Source Files</Filter>
    </ClCompile>
    <ClCompile Include="Source\Scenes\DemoScene.cpp">
      <Filter>Source Files</Filter>
    </ClCompile>
    <ClCompile Include="Source\Systems\MouseSystem.cpp">
      <Filter>Source Files</Filter>
    </ClCompile>
    <ClCompile Include="Source\Systems\ResourceManager.cpp">
      <Filter>Source Files</Filter>
    </ClCompile>
    <ClCompile Include="Source\Systems\TextRenderHandler.cpp">
      <Filter>Source Files</Filter>
    </ClCompile>
    <ClCompile Include="Source\Archetypes\PlayerArchetype.cpp">
      <Filter>Source Files</Filter>
    </ClCompile>
    <ClCompile Include="Source\Systems\MovementSystem.cpp">
      <Filter>Source Files</Filter>
    </ClCompile>
    <ClCompile Include="Source\Systems\CameraSystem.cpp">
      <Filter>Source Files</Filter>
    </ClCompile>
    <ClCompile Include="Source\Systems\CollisionSystem.cpp">
      <Filter>Source Files</Filter>
    </ClCompile>
    <ClCompile Include="Source\Systems\TurnThreadPoolSystem.cpp">
      <Filter>Source Files</Filter>
    </ClCompile>
    <ClCompile Include="Source\Components\MovementComponent.cpp">
      <Filter>Source Files</Filter>
    </ClCompile>
    <ClCompile Include="Source\Systems\UIInteractionSystem.cpp">
      <Filter>Source Files</Filter>
    </ClCompile>
    <ClCompile Include="Source\Systems\MenuSystem.cpp">
      <Filter>Source Files</Filter>
    </ClCompile>
    <ClCompile Include="Source\Archetypes\DummyArchetype.cpp">
      <Filter>Source Files</Filter>
    </ClCompile>
    <ClCompile Include="Source\Systems\EntitySystem.cpp">
      <Filter>Source Files</Filter>
    </ClCompile>
    <ClCompile Include="Source\Systems\InteractSystem.cpp">
      <Filter>Source Files</Filter>
    </ClCompile>
  </ItemGroup>
</Project>